
Microsoft Visual Studio Solution File, Format Version 12.00
# Visual Studio Version 16
VisualStudioVersion = 16.0.29209.62
MinimumVisualStudioVersion = 10.0.40219.1
Project("{FAE04EC0-301F-11D3-BF4B-00C04F79EFBC}") = "changeMaker", "changeMaker\changeMaker.csproj", "{DCED1329-E4DC-4B82-B616-A17FE85F336B}"
EndProject
Global
	GlobalSection(SolutionConfigurationPlatforms) = preSolution
		Debug|Any CPU = Debug|Any CPU
		Release|Any CPU = Release|Any CPU
	EndGlobalSection
	GlobalSection(ProjectConfigurationPlatforms) = postSolution
		{DCED1329-E4DC-4B82-B616-A17FE85F336B}.Debug|Any CPU.ActiveCfg = Debug|Any CPU
		{DCED1329-E4DC-4B82-B616-A17FE85F336B}.Debug|Any CPU.Build.0 = Debug|Any CPU
		{DCED1329-E4DC-4B82-B616-A17FE85F336B}.Release|Any CPU.ActiveCfg = Release|Any CPU
		{DCED1329-E4DC-4B82-B616-A17FE85F336B}.Release|Any CPU.Build.0 = Release|Any CPU
	EndGlobalSection
	GlobalSection(SolutionProperties) = preSolution
		HideSolutionNode = FALSE
	EndGlobalSection
	GlobalSection(ExtensibilityGlobals) = postSolution
		SolutionGuid = {CA6BF4A4-25E3-4442-96D8-2C9AE67C1570}
	EndGlobalSection
EndGlobal
